<Solution>
  <Project Path="tests/PbiBench.V2.Tests/PbiBench.V2.Tests.csproj" />
  <Project Path="src/PbiBench.Pbir/PbiBench.Pbir.csproj" />
  <Project Path="src/PbiBench.ReportStudio/PbiBench.ReportStudio.csproj" />
  <Project Path="src/PbiBench.Core/PbiBench.Core.csproj" />
  <Project Path="src/PbiBench.Workspace/PbiBench.Workspace.csproj" />
  <Project Path="src/PbiBench.Fabric/PbiBench.Fabric.csproj" />
  <Project Path="src/PbiBench.PowerBI/PbiBench.PowerBI.csproj" />
  <Project Path="src/PbiBench.DaxStudio/PbiBench.DaxStudio.csproj" />
  <Project Path="src/PbiBench.Git/PbiBench.Git.csproj" />
  <Project Path="src/PbiBench.Semantic/PbiBench.Semantic.csproj" />
  <Project Path="src/PbiBench.ModelEditor/PbiBench.ModelEditor.csproj" />
  <Project Path="src/PbiBench.Automation/PbiBench.Automation.csproj" />
  <Project Path="src/PbiBench.DataForge/PbiBench.DataForge.csproj" />
  <Project Path="src/PbiBench.Cli/PbiBench.Cli.csproj" />
  <Folder Name="/src/">
    <Project Path="src/PbiBench.AI.ContextExport/PbiBench.AI.ContextExport.csproj" />
    <Project Path="src/PbiBench.CSharp.LanguageService/PbiBench.CSharp.LanguageService.csproj" />
    <Project Path="src/PbiBench.FabricToolbox/PbiBench.FabricToolbox.csproj" />
  </Folder>
  <Folder Name="/tests/">
    <Project Path="tests/PbiBench.FabricToolbox.Tests/PbiBench.FabricToolbox.Tests.csproj" />
    <Project Path="tests/PbiBench.V11.Tests/PbiBench.V11.Tests.csproj" />
  </Folder>
  <Project Path="src/PbiBench.App/PbiBench.App.csproj" />
  <Project Path="tests/PbiBench.App.Tests/PbiBench.App.Tests.csproj" />
  <Project Path="tests/PbiBench.Adapters.Tests/PbiBench.Adapters.Tests.csproj" />
  <Project Path="tests/PbiBench.Semantic.Tests/PbiBench.Semantic.Tests.csproj" />
  <Project Path="src/PbiBench.Dax.LanguageService/PbiBench.Dax.LanguageService.csproj" />
  <Project Path="tests/PbiBench.Dax.LanguageService.Tests/PbiBench.Dax.LanguageService.Tests.csproj" />
</Solution>
